
Microsoft Visual Studio Solution File, Format Version 12.00
# Visual Studio 14
VisualStudioVersion = 14.0.24720.0
MinimumVisualStudioVersion = 10.0.40219.1
Project("{8BC9CEB8-8B4A-11D0-8D11-00A0C91BC942}") = "KritaShellExtension", "KritaShellExtension\KritaShellExtension.vcxproj", "{206A7E00-AFE4-4423-8206-B874E54EB476}"
EndProject
Project("{2150E333-8FDC-42A3-9474-1A3956D46DE8}") = "Solution Items", "Solution Items", "{281C9A34-BA80-40EF-B83C-FB6495E25BFB}"
	ProjectSection(SolutionItems) = preProject
		README.md = README.md
	EndProjectSection
EndProject
Global
	GlobalSection(SolutionConfigurationPlatforms) = preSolution
		Debug|x64 = Debug|x64
		Debug|x86 = Debug|x86
		Release|x64 = Release|x64
		Release|x86 = Release|x86
	EndGlobalSection
	GlobalSection(ProjectConfigurationPlatforms) = postSolution
		{206A7E00-AFE4-4423-8206-B874E54EB476}.Debug|x64.ActiveCfg = Debug|x64
		{206A7E00-AFE4-4423-8206-B874E54EB476}.Debug|x64.Build.0 = Debug|x64
		{206A7E00-AFE4-4423-8206-B874E54EB476}.Debug|x86.ActiveCfg = Debug|Win32
		{206A7E00-AFE4-4423-8206-B874E54EB476}.Debug|x86.Build.0 = Debug|Win32
		{206A7E00-AFE4-4423-8206-B874E54EB476}.Release|x64.ActiveCfg = Release|x64
		{206A7E00-AFE4-4423-8206-B874E54EB476}.Release|x64.Build.0 = Release|x64
		{206A7E00-AFE4-4423-8206-B874E54EB476}.Release|x86.ActiveCfg = Release|Win32
		{206A7E00-AFE4-4423-8206-B874E54EB476}.Release|x86.Build.0 = Release|Win32
	EndGlobalSection
	GlobalSection(SolutionProperties) = preSolution
		HideSolutionNode = FALSE
	EndGlobalSection
EndGlobal
